
Microsoft Visual Studio Solution File, Format Version 11.00
# Visual Studio 2010
Project("{8BC9CEB8-8B4A-11D0-8D11-00A0C91BC942}") = "OS2", "OS2\OS2.vcxproj", "{F319C8BE-5B19-4D93-87E5-4EA32B59242D}"
EndProject
Global
	GlobalSection(SolutionConfigurationPlatforms) = preSolution
		Debug|Win32 = Debug|Win32
		Release|Win32 = Release|Win32
	EndGlobalSection
	GlobalSection(ProjectConfigurationPlatforms) = postSolution
		{F319C8BE-5B19-4D93-87E5-4EA32B59242D}.Debug|Win32.ActiveCfg = Debug|Win32
		{F319C8BE-5B19-4D93-87E5-4EA32B59242D}.Debug|Win32.Build.0 = Debug|Win32
		{F319C8BE-5B19-4D93-87E5-4EA32B59242D}.Release|Win32.ActiveCfg = Release|Win32
		{F319C8BE-5B19-4D93-87E5-4EA32B59242D}.Release|Win32.Build.0 = Release|Win32
	EndGlobalSection
	GlobalSection(SolutionProperties) = preSolution
		HideSolutionNode = FALSE
	EndGlobalSection
EndGlobal
